
Microsoft Visual Studio Solution File, Format Version 12.00
# Visual Studio Version 17
VisualStudioVersion = 17.0.31903.59
MinimumVisualStudioVersion = 10.0.40219.1
Project("{FAE04EC0-301F-11D3-BF4B-00C04F79EFBC}") = "LogGenerator", "LogGenerator\LogGenerator.csproj", "{FFF28C12-BE3A-4ADB-AAE3-FDF0AA458066}"
EndProject
Project("{FAE04EC0-301F-11D3-BF4B-00C04F79EFBC}") = "LogProcessor", "LogProcessor\LogProcessor.csproj", "{8E2D1204-A0EA-4FC4-820A-31E4133ACCD1}"
EndProject
Global
	GlobalSection(SolutionConfigurationPlatforms) = preSolution
		Debug|Any CPU = Debug|Any CPU
		Release|Any CPU = Release|Any CPU
	EndGlobalSection
	GlobalSection(SolutionProperties) = preSolution
		HideSolutionNode = FALSE
	EndGlobalSection
	GlobalSection(ProjectConfigurationPlatforms) = postSolution
		{2C8A274E-15F5-4C8C-A8B9-26E0D4F2ACD5}.Debug|Any CPU.ActiveCfg = Debug|Any CPU
		{2C8A274E-15F5-4C8C-A8B9-26E0D4F2ACD5}.Debug|Any CPU.Build.0 = Debug|Any CPU
		{2C8A274E-15F5-4C8C-A8B9-26E0D4F2ACD5}.Release|Any CPU.ActiveCfg = Release|Any CPU
		{2C8A274E-15F5-4C8C-A8B9-26E0D4F2ACD5}.Release|Any CPU.Build.0 = Release|Any CPU
		{FFF28C12-BE3A-4ADB-AAE3-FDF0AA458066}.Debug|Any CPU.ActiveCfg = Debug|Any CPU
		{FFF28C12-BE3A-4ADB-AAE3-FDF0AA458066}.Debug|Any CPU.Build.0 = Debug|Any CPU
		{FFF28C12-BE3A-4ADB-AAE3-FDF0AA458066}.Release|Any CPU.ActiveCfg = Release|Any CPU
		{FFF28C12-BE3A-4ADB-AAE3-FDF0AA458066}.Release|Any CPU.Build.0 = Release|Any CPU
		{8E2D1204-A0EA-4FC4-820A-31E4133ACCD1}.Debug|Any CPU.ActiveCfg = Debug|Any CPU
		{8E2D1204-A0EA-4FC4-820A-31E4133ACCD1}.Debug|Any CPU.Build.0 = Debug|Any CPU
		{8E2D1204-A0EA-4FC4-820A-31E4133ACCD1}.Release|Any CPU.ActiveCfg = Release|Any CPU
		{8E2D1204-A0EA-4FC4-820A-31E4133ACCD1}.Release|Any CPU.Build.0 = Release|Any CPU
	EndGlobalSection
EndGlobal
